// !$*UTF8*$!
{
	archiveVersion = 1;
	classes = {
	};
	objectVersion = 46;
	objects = {

/* Begin PBXBuildFile section */
		C626B1F31DF81D4300413C67 /* PKCSImport.swift in Sources */ = {isa = PBXBuildFile; fileRef = C626B1F21DF81D4300413C67 /* PKCSImport.swift */; };
		C626B1F51DF81EAA00413C67 /* devclient.p12 in Resources */ = {isa = PBXBuildFile; fileRef = C626B1F41DF81EAA00413C67 /* devclient.p12 */; };
		C670EC111DD1FAC500585EB0 /* NetworkManager.swift in Sources */ = {isa = PBXBuildFile; fileRef = C670EC101DD1FAC500585EB0 /* NetworkManager.swift */; };
		C6826BA21DCD1090003A2509 /* Alamofire.framework in Frameworks */ = {isa = PBXBuildFile; fileRef = C69F2CA81DCD08AE009CE416 /* Alamofire.framework */; };
		C6826BA41DCD1090003A2509 /* Pods_testAPICalls.framework in Frameworks */ = {isa = PBXBuildFile; fileRef = C6826BA31DCD1090003A2509 /* Pods_testAPICalls.framework */; };
		C68487C01DCCD74300584B05 /* AppDelegate.swift in Sources */ = {isa = PBXBuildFile; fileRef = C68487BF1DCCD74300584B05 /* AppDelegate.swift */; };
		C68487C21DCCD74300584B05 /* ViewController.swift in Sources */ = {isa = PBXBuildFile; fileRef = C68487C11DCCD74300584B05 /* ViewController.swift */; };
		C68487C51DCCD74300584B05 /* Main.storyboard in Resources */ = {isa = PBXBuildFile; fileRef = C68487C31DCCD74300584B05 /* Main.storyboard */; };
		C68487C71DCCD74300584B05 /* Assets.xcassets in Resources */ = {isa = PBXBuildFile; fileRef = C68487C61DCCD74300584B05 /* Assets.xcassets */; };
		C68487CA1DCCD74300584B05 /* LaunchScreen.storyboard in Resources */ = {isa = PBXBuildFile; fileRef = C68487C81DCCD74300584B05 /* LaunchScreen.storyboard */; };
		C69F2CAB1DCD0BE8009CE416 /* SwiftyJSON.framework in Frameworks */ = {isa = PBXBuildFile; fileRef = C69F2CAA1DCD0BE8009CE416 /* SwiftyJSON.framework */; };
/* End PBXBuildFile section */

/* Begin PBXFileReference section */
		3A02DA32F0C7FF063B7E0CA4 /* Pods_testAPICalls.framework */ = {isa = PBXFileReference; explicitFileType = wrapper.framework; includeInIndex = 0; path = Pods_testAPICalls.framework; sourceTree = BUILT_PRODUCTS_DIR; };
		C626B1F21DF81D4300413C67 /* PKCSImport.swift */ = {isa = PBXFileReference; fileEncoding = 4; lastKnownFileType = sourcecode.swift; path = PKCSImport.swift; sourceTree = "<group>"; };
		C626B1F41DF81EAA00413C67 /* devclient.p12 */ = {isa = PBXFileReference; lastKnownFileType = file; name = devclient.p12; path = ../../../../Downloads/devclient.p12; sourceTree = "<group>"; };
		C670EC101DD1FAC500585EB0 /* NetworkManager.swift */ = {isa = PBXFileReference; fileEncoding = 4; lastKnownFileType = sourcecode.swift; path = NetworkManager.swift; sourceTree = "<group>"; };
		C6826BA31DCD1090003A2509 /* Pods_testAPICalls.framework */ = {isa = PBXFileReference; lastKnownFileType = wrapper.framework; name = Pods_testAPICalls.framework; path = "Pods/../build/Debug-iphoneos/Pods_testAPICalls.framework"; sourceTree = "<group>"; };
		C68487BC1DCCD74300584B05 /* testAPICalls.app */ = {isa = PBXFileReference; explicitFileType = wrapper.application; includeInIndex = 0; path = testAPICalls.app; sourceTree = BUILT_PRODUCTS_DIR; };
		C68487BF1DCCD74300584B05 /* AppDelegate.swift */ = {isa = PBXFileReference; lastKnownFileType = sourcecode.swift; path = AppDelegate.swift; sourceTree = "<group>"; };
		C68487C11DCCD74300584B05 /* ViewController.swift */ = {isa = PBXFileReference; lastKnownFileType = sourcecode.swift; path = ViewController.swift; sourceTree = "<group>"; };
		C68487C41DCCD74300584B05 /* Base */ = {isa = PBXFileReference; lastKnownFileType = file.storyboard; name = Base; path = Base.lproj/Main.storyboard; sourceTree = "<group>"; };
		C68487C61DCCD74300584B05 /* Assets.xcassets */ = {isa = PBXFileReference; lastKnownFileType = folder.assetcatalog; path = Assets.xcassets; sourceTree = "<group>"; };
		C68487C91DCCD74300584B05 /* Base */ = {isa = PBXFileReference; lastKnownFileType = file.storyboard; name = Base; path = Base.lproj/LaunchScreen.storyboard; sourceTree = "<group>"; };
		C68487CB1DCCD74300584B05 /* Info.plist */ = {isa = PBXFileReference; lastKnownFileType = text.plist.xml; path = Info.plist; sourceTree = "<group>"; };
		C69F2CA81DCD08AE009CE416 /* Alamofire.framework */ = {isa = PBXFileReference; lastKnownFileType = wrapper.framework; name = Alamofire.framework; path = "../../../Library/Developer/Xcode/DerivedData/testAPICalls-dfnnkqdgnvudmpaeqiqgfiuaztbe/Build/Products/Debug-iphonesimulator/Alamofire/Alamofire.framework"; sourceTree = "<group>"; };
		C69F2CAA1DCD0BE8009CE416 /* SwiftyJSON.framework */ = {isa = PBXFileReference; lastKnownFileType = wrapper.framework; name = SwiftyJSON.framework; path = "../../../Library/Developer/Xcode/DerivedData/testAPICalls-dfnnkqdgnvudmpaeqiqgfiuaztbe/Build/Products/Debug-iphonesimulator/SwiftyJSON/SwiftyJSON.framework"; sourceTree = "<group>"; };
		D364AC29D3FDF62ABC6F325A /* Pods-testAPICalls.release.xcconfig */ = {isa = PBXFileReference; includeInIndex = 1; lastKnownFileType = text.xcconfig; name = "Pods-testAPICalls.release.xcconfig"; path = "Pods/Target Support Files/Pods-testAPICalls/Pods-testAPICalls.release.xcconfig"; sourceTree = "<group>"; };
		ECF8AE6864297270FD7B9E30 /* Pods-testAPICalls.debug.xcconfig */ = {isa = PBXFileReference; includeInIndex = 1; lastKnownFileType = text.xcconfig; name = "Pods-testAPICalls.debug.xcconfig"; path = "Pods/Target Support Files/Pods-testAPICalls/Pods-testAPICalls.debug.xcconfig"; sourceTree = "<group>"; };
/* End PBXFileReference section */

/* Begin PBXFrameworksBuildPhase section */
		C68487B91DCCD74300584B05 /* Frameworks */ = {
			isa = PBXFrameworksBuildPhase;
			buildActionMask = 2147483647;
			files = (
				C6826BA41DCD1090003A2509 /* Pods_testAPICalls.framework in Frameworks */,
				C6826BA21DCD1090003A2509 /* Alamofire.framework in Frameworks */,
				C69F2CAB1DCD0BE8009CE416 /* SwiftyJSON.framework in Frameworks */,
			);
			runOnlyForDeploymentPostprocessing = 0;
		};
/* End PBXFrameworksBuildPhase section */

/* Begin PBXGroup section */
		64D06C486E1F94B1798D2577 /* Pods */ = {
			isa = PBXGroup;
			children = (
				ECF8AE6864297270FD7B9E30 /* Pods-testAPICalls.debug.xcconfig */,
				D364AC29D3FDF62ABC6F325A /* Pods-testAPICalls.release.xcconfig */,
			);
			name = Pods;
			sourceTree = "<group>";
		};
		A3D573118B4BA3ABD14BAE67 /* Frameworks */ = {
			isa = PBXGroup;
			children = (
				C6826BA31DCD1090003A2509 /* Pods_testAPICalls.framework */,
				C69F2CAA1DCD0BE8009CE416 /* SwiftyJSON.framework */,
				C69F2CA81DCD08AE009CE416 /* Alamofire.framework */,
				3A02DA32F0C7FF063B7E0CA4 /* Pods_testAPICalls.framework */,
			);
			name = Frameworks;
			sourceTree = "<group>";
		};
		C68487B31DCCD74300584B05 = {
			isa = PBXGroup;
			children = (
				C68487BE1DCCD74300584B05 /* testAPICalls */,
				C68487BD1DCCD74300584B05 /* Products */,
				64D06C486E1F94B1798D2577 /* Pods */,
				A3D573118B4BA3ABD14BAE67 /* Frameworks */,
			);
			sourceTree = "<group>";
		};
		C68487BD1DCCD74300584B05 /* Products */ = {
			isa = PBXGroup;
			children = (
				C68487BC1DCCD74300584B05 /* testAPICalls.app */,
			);
			name = Products;
			sourceTree = "<group>";
		};
		C68487BE1DCCD74300584B05 /* testAPICalls */ = {
			isa = PBXGroup;
			children = (
				C68487BF1DCCD74300584B05 /* AppDelegate.swift */,
				C68487C11DCCD74300584B05 /* ViewController.swift */,
				C670EC101DD1FAC500585EB0 /* NetworkManager.swift */,
				C68487C31DCCD74300584B05 /* Main.storyboard */,
				C626B1F41DF81EAA00413C67 /* devclient.p12 */,
				C68487C61DCCD74300584B05 /* Assets.xcassets */,
				C68487C81DCCD74300584B05 /* LaunchScreen.storyboard */,
				C68487CB1DCCD74300584B05 /* Info.plist */,
				C626B1F21DF81D4300413C67 /* PKCSImport.swift */,
			);
			path = testAPICalls;
			sourceTree = "<group>";
		};
/* End PBXGroup section */

/* Begin PBXNativeTarget section */
		C68487BB1DCCD74300584B05 /* testAPICalls */ = {
			isa = PBXNativeTarget;
			buildConfigurationList = C68487CE1DCCD74300584B05 /* Build configuration list for PBXNativeTarget "testAPICalls" */;
			buildPhases = (
				C3FBF0352F6ED8BD69EECF38 /* [CP] Check Pods Manifest.lock */,
				C68487B81DCCD74300584B05 /* Sources */,
				C68487B91DCCD74300584B05 /* Frameworks */,
				C68487BA1DCCD74300584B05 /* Resources */,
				B22F3E1A9D22EC2B3A960182 /* [CP] Embed Pods Frameworks */,
				91F49353E25767C24CE7B839 /* [CP] Copy Pods Resources */,
			);
			buildRules = (
			);
			dependencies = (
			);
			name = testAPICalls;
			productName = testAPICalls;
			productReference = C68487BC1DCCD74300584B05 /* testAPICalls.app */;
			productType = "com.apple.product-type.application";
		};
/* End PBXNativeTarget section */

/* Begin PBXProject section */
		C68487B41DCCD74300584B05 /* Project object */ = {
			isa = PBXProject;
			attributes = {
				LastSwiftUpdateCheck = 0810;
				LastUpgradeCheck = 0810;
				ORGANIZATIONNAME = "Dragoman Developers, LLC";
				TargetAttributes = {
					C68487BB1DCCD74300584B05 = {
						CreatedOnToolsVersion = 8.1;
						DevelopmentTeam = XYW89PFS48;
						ProvisioningStyle = Automatic;
					};
				};
			};
			buildConfigurationList = C68487B71DCCD74300584B05 /* Build configuration list for PBXProject "testAPICalls" */;
			compatibilityVersion = "Xcode 3.2";
			developmentRegion = English;
			hasScannedForEncodings = 0;
			knownRegions = (
				en,
				Base,
			);
			mainGroup = C68487B31DCCD74300584B05;
			productRefGroup = C68487BD1DCCD74300584B05 /* Products */;
			projectDirPath = "";
			projectRoot = "";
			targets = (
				C68487BB1DCCD74300584B05 /* testAPICalls */,
			);
		};
/* End PBXProject section */

/* Begin PBXResourcesBuildPhase section */
		C68487BA1DCCD74300584B05 /* Resources */ = {
			isa = PBXResourcesBuildPhase;
			buildActionMask = 2147483647;
			files = (
				C626B1F51DF81EAA00413C67 /* devclient.p12 in Resources */,
				C68487CA1DCCD74300584B05 /* LaunchScreen.storyboard in Resources */,
				C68487C71DCCD74300584B05 /* Assets.xcassets in Resources */,
				C68487C51DCCD74300584B05 /* Main.storyboard in Resources */,
			);
			runOnlyForDeploymentPostprocessing = 0;
		};
/* End PBXResourcesBuildPhase section */

/* Begin PBXShellScriptBuildPhase section */
		91F49353E25767C24CE7B839 /* [CP] Copy Pods Resources */ = {
			isa = PBXShellScriptBuildPhase;
			buildActionMask = 2147483647;
			files = (
			);
			inputPaths = (
			);
			name = "[CP] Copy Pods Resources";
			outputPaths = (
			);
			runOnlyForDeploymentPostprocessing = 0;
			shellPath = /bin/sh;
			shellScript = "\"${SRCROOT}/Pods/Target Support Files/Pods-testAPICalls/Pods-testAPICalls-resources.sh\"\n";
			showEnvVarsInLog = 0;
		};
		B22F3E1A9D22EC2B3A960182 /* [CP] Embed Pods Frameworks */ = {
			isa = PBXShellScriptBuildPhase;
			buildActionMask = 2147483647;
			files = (
			);
			inputPaths = (
			);
			name = "[CP] Embed Pods Frameworks";
			outputPaths = (
			);
			runOnlyForDeploymentPostprocessing = 0;
			shellPath = /bin/sh;
			shellScript = "\"${SRCROOT}/Pods/Target Support Files/Pods-testAPICalls/Pods-testAPICalls-frameworks.sh\"\n";
			showEnvVarsInLog = 0;
		};
		C3FBF0352F6ED8BD69EECF38 /* [CP] Check Pods Manifest.lock */ = {
			isa = PBXShellScriptBuildPhase;
			buildActionMask = 2147483647;
			files = (
			);
			inputPaths = (
			);
			name = "[CP] Check Pods Manifest.lock";
			outputPaths = (
			);
			runOnlyForDeploymentPostprocessing = 0;
			shellPath = /bin/sh;
			shellScript = "diff \"${PODS_ROOT}/../Podfile.lock\" \"${PODS_ROOT}/Manifest.lock\" > /dev/null\nif [ $? != 0 ] ; then\n    # print error to STDERR\n    echo \"error: The sandbox is not in sync with the Podfile.lock. Run 'pod install' or update your CocoaPods installation.\" >&2\n    exit 1\nfi\n";
			showEnvVarsInLog = 0;
		};
/* End PBXShellScriptBuildPhase section */

/* Begin PBXSourcesBuildPhase section */
		C68487B81DCCD74300584B05 /* Sources */ = {
			isa = PBXSourcesBuildPhase;
			buildActionMask = 2147483647;
			files = (
				C670EC111DD1FAC500585EB0 /* NetworkManager.swift in Sources */,
				C68487C21DCCD74300584B05 /* ViewController.swift in Sources */,
				C68487C01DCCD74300584B05 /* AppDelegate.swift in Sources */,
				C626B1F31DF81D4300413C67 /* PKCSImport.swift in Sources */,
			);
			runOnlyForDeploymentPostprocessing = 0;
		};
/* End PBXSourcesBuildPhase section */

/* Begin PBXVariantGroup section */
		C68487C31DCCD74300584B05 /* Main.storyboard */ = {
			isa = PBXVariantGroup;
			children = (
				C68487C41DCCD74300584B05 /* Base */,
			);
			name = Main.storyboard;
			sourceTree = "<group>";
		};
		C68487C81DCCD74300584B05 /* LaunchScreen.storyboard */ = {
			isa = PBXVariantGroup;
			children = (
				C68487C91DCCD74300584B05 /* Base */,
			);
			name = LaunchScreen.storyboard;
			sourceTree = "<group>";
		};
/* End PBXVariantGroup section */

/* Begin XCBuildConfiguration section */
		C68487CC1DCCD74300584B05 /* Debug */ = {
			isa = XCBuildConfiguration;
			buildSettings = {
				ALWAYS_SEARCH_USER_PATHS = NO;
				CLANG_ANALYZER_NONNULL = YES;
				CLANG_CXX_LANGUAGE_STANDARD = "gnu++0x";
				CLANG_CXX_LIBRARY = "libc++";
				CLANG_ENABLE_MODULES = YES;
				CLANG_ENABLE_OBJC_ARC = YES;
				CLANG_WARN_BOOL_CONVERSION = YES;
				CLANG_WARN_CONSTANT_CONVERSION = YES;
				CLANG_WARN_DIRECT_OBJC_ISA_USAGE = YES_ERROR;
				CLANG_WARN_DOCUMENTATION_COMMENTS = YES;
				CLANG_WARN_EMPTY_BODY = YES;
				CLANG_WARN_ENUM_CONVERSION = YES;
				CLANG_WARN_INFINITE_RECURSION = YES;
				CLANG_WARN_INT_CONVERSION = YES;
				CLANG_WARN_OBJC_ROOT_CLASS = YES_ERROR;
				CLANG_WARN_SUSPICIOUS_MOVES = YES;
				CLANG_WARN_UNREACHABLE_CODE = YES;
				CLANG_WARN__DUPLICATE_METHOD_MATCH = YES;
				"CODE_SIGN_IDENTITY[sdk=iphoneos*]" = "iPhone Developer";
				COPY_PHASE_STRIP = NO;
				DEBUG_INFORMATION_FORMAT = dwarf;
				ENABLE_STRICT_OBJC_MSGSEND = YES;
				ENABLE_TESTABILITY = YES;
				GCC_C_LANGUAGE_STANDARD = gnu99;
				GCC_DYNAMIC_NO_PIC = NO;
				GCC_NO_COMMON_BLOCKS = YES;
				GCC_OPTIMIZATION_LEVEL = 0;
				GCC_PREPROCESSOR_DEFINITIONS = (
					"DEBUG=1",
					"$(inherited)",
				);
				GCC_WARN_64_TO_32_BIT_CONVERSION = YES;
				GCC_WARN_ABOUT_RETURN_TYPE = YES_ERROR;
				GCC_WARN_UNDECLARED_SELECTOR = YES;
				GCC_WARN_UNINITIALIZED_AUTOS = YES_AGGRESSIVE;
				GCC_WARN_UNUSED_FUNCTION = YES;
				GCC_WARN_UNUSED_VARIABLE = YES;
				IPHONEOS_DEPLOYMENT_TARGET = 10.1;
				MTL_ENABLE_DEBUG_INFO = YES;
				ONLY_ACTIVE_ARCH = YES;
				SDKROOT = iphoneos;
				SWIFT_ACTIVE_COMPILATION_CONDITIONS = DEBUG;
				SWIFT_OPTIMIZATION_LEVEL = "-Onone";
			};
			name = Debug;
		};
		C68487CD1DCCD74300584B05 /* Release */ = {
			isa = XCBuildConfiguration;
			buildSettings = {
				ALWAYS_SEARCH_USER_PATHS = NO;
				CLANG_ANALYZER_NONNULL = YES;
				CLANG_CXX_LANGUAGE_STANDARD = "gnu++0x";
				CLANG_CXX_LIBRARY = "libc++";
				CLANG_ENABLE_MODULES = YES;
				CLANG_ENABLE_OBJC_ARC = YES;
				CLANG_WARN_BOOL_CONVERSION = YES;
				CLANG_WARN_CONSTANT_CONVERSION = YES;
				CLANG_WARN_DIRECT_OBJC_ISA_USAGE = YES_ERROR;
				CLANG_WARN_DOCUMENTATION_COMMENTS = YES;
				CLANG_WARN_EMPTY_BODY = YES;
				CLANG_WARN_ENUM_CONVERSION = YES;
				CLANG_WARN_INFINITE_RECURSION = YES;
				CLANG_WARN_INT_CONVERSION = YES;
				CLANG_WARN_OBJC_ROOT_CLASS = YES_ERROR;
				CLANG_WARN_SUSPICIOUS_MOVES = YES;
				CLANG_WARN_UNREACHABLE_CODE = YES;
				CLANG_WARN__DUPLICATE_METHOD_MATCH = YES;
				"CODE_SIGN_IDENTITY[sdk=iphoneos*]" = "iPhone Developer";
				COPY_PHASE_STRIP = NO;
				DEBUG_INFORMATION_FORMAT = "dwarf-with-dsym";
				ENABLE_NS_ASSERTIONS = NO;
				ENABLE_STRICT_OBJC_MSGSEND = YES;
				GCC_C_LANGUAGE_STANDARD = gnu99;
				GCC_NO_COMMON_BLOCKS = YES;
				GCC_WARN_64_TO_32_BIT_CONVERSION = YES;
				GCC_WARN_ABOUT_RETURN_TYPE = YES_ERROR;
				GCC_WARN_UNDECLARED_SELECTOR = YES;
				GCC_WARN_UNINITIALIZED_AUTOS = YES_AGGRESSIVE;
				GCC_WARN_UNUSED_FUNCTION = YES;
				GCC_WARN_UNUSED_VARIABLE = YES;
				IPHONEOS_DEPLOYMENT_TARGET = 10.1;
				MTL_ENABLE_DEBUG_INFO = NO;
				SDKROOT = iphoneos;
				SWIFT_OPTIMIZATION_LEVEL = "-Owholemodule";
				VALIDATE_PRODUCT = YES;
			};
			name = Release;
		};
		C68487CF1DCCD74300584B05 /* Debug */ = {
			isa = XCBuildConfiguration;
			baseConfigurationReference = ECF8AE6864297270FD7B9E30 /* Pods-testAPICalls.debug.xcconfig */;
			buildSettings = {
				ASSETCATALOG_COMPILER_APPICON_NAME = AppIcon;
				DEVELOPMENT_TEAM = XYW89PFS48;
				FRAMEWORK_SEARCH_PATHS = (
					"$(inherited)",
					"$(PROJECT_DIR)/build/Debug-iphoneos",
				);
				INFOPLIST_FILE = testAPICalls/Info.plist;
				LD_RUNPATH_SEARCH_PATHS = "$(inherited) @executable_path/Frameworks";
				PRODUCT_BUNDLE_IDENTIFIER = com.dragomandevelopers.testAPICalls;
				PRODUCT_NAME = "$(TARGET_NAME)";
				SWIFT_VERSION = 3.0;
			};
			name = Debug;
		};
		C68487D01DCCD74300584B05 /* Release */ = {
			isa = XCBuildConfiguration;
			baseConfigurationReference = D364AC29D3FDF62ABC6F325A /* Pods-testAPICalls.release.xcconfig */;
			buildSettings = {
				ASSETCATALOG_COMPILER_APPICON_NAME = AppIcon;
				DEVELOPMENT_TEAM = XYW89PFS48;
				FRAMEWORK_SEARCH_PATHS = (
					"$(inherited)",
					"$(PROJECT_DIR)/build/Debug-iphoneos",
				);
				INFOPLIST_FILE = testAPICalls/Info.plist;
				LD_RUNPATH_SEARCH_PATHS = "$(inherited) @executable_path/Frameworks";
				PRODUCT_BUNDLE_IDENTIFIER = com.dragomandevelopers.testAPICalls;
				PRODUCT_NAME = "$(TARGET_NAME)";
				SWIFT_VERSION = 3.0;
			};
			name = Release;
		};
/* End XCBuildConfiguration section */

/* Begin XCConfigurationList section */
		C68487B71DCCD74300584B05 /* Build configuration list for PBXProject "testAPICalls" */ = {
			isa = XCConfigurationList;
			buildConfigurations = (
				C68487CC1DCCD74300584B05 /* Debug */,
				C68487CD1DCCD74300584B05 /* Release */,
			);
			defaultConfigurationIsVisible = 0;
			defaultConfigurationName = Release;
		};
		C68487CE1DCCD74300584B05 /* Build configuration list for PBXNativeTarget "testAPICalls" */ = {
			isa = XCConfigurationList;
			buildConfigurations = (
				C68487CF1DCCD74300584B05 /* Debug */,
				C68487D01DCCD74300584B05 /* Release */,
			);
			defaultConfigurationIsVisible = 0;
			defaultConfigurationName = Release;
		};
/* End XCConfigurationList section */
	};
	rootObject = C68487B41DCCD74300584B05 /* Project object */;
}
